<?xml version="1.0" encoding="utf-8"?>
<Project ToolsVersion="4.0" xmlns="http://schemas.microsoft.com/developer/msbuild/2003">
  <ItemGroup>
    <Filter Include="Common">
      <UniqueIdentifier>{93995380-89BD-4b04-88EB-625FBE52EBFB}</UniqueIdentifier>
      <Extensions>
      </Extensions>
    </Filter>
    <Filter Include="Entry">
      <UniqueIdentifier>{4FC737F1-C7A5-4376-A066-2A32D752A2FF}</UniqueIdentifier>
      <Extensions>
      </Extensions>
    </Filter>
    <Filter Include="Runtime">
      <UniqueIdentifier>{67DA6AB6-F800-4c08-8B7A-83BB121AAD01}</UniqueIdentifier>
      <Extensions>
      </Extensions>
    </Filter>
    <Filter Include="External">
      <UniqueIdentifier>{f2962efc-1ddb-4bb6-93e3-345c3fd0fa8c}</UniqueIdentifier>
    </Filter>
    <Filter Include="External\glad">
      <UniqueIdentifier>{49f74649-2641-4085-92d0-1b1c7d849743}</UniqueIdentifier>
    </Filter>
    <Filter Include="Entry\Configs">
      <UniqueIdentifier>{2d78c576-ab5e-4feb-947e-d7b5905139b2}</UniqueIdentifier>
    </Filter>
    <Filter Include="Runtime\Math">
      <UniqueIdentifier>{4074b534-fcad-4d72-b784-9b2f3c7bdecf}</UniqueIdentifier>
    </Filter>
  </ItemGroup>
  <ItemGroup>
    <ClCompile Include="Configs\Config.cpp">
      <Filter>Entry\Configs</Filter>
    </ClCompile>
    <ClCompile Include="Scripts\EntryProxy.cpp">
      <Filter>Entry</Filter>
    </ClCompile>
    <ClCompile Include="Scripts\WinMain.cpp">
      <Filter>Entry</Filter>
    </ClCompile>
    <ClCompile Include="..\Win32Common\BaseWindow.cpp">
      <Filter>Common</Filter>
    </ClCompile>
    <ClCompile Include="..\Win32Common\EventDispatcher.cpp">
      <Filter>Common</Filter>
    </ClCompile>
    <ClCompile Include="..\Win32Common\RenderWindow.cpp">
      <Filter>Common</Filter>
    </ClCompile>
  </ItemGroup>
  <ItemGroup>
    <ClInclude Include="Configs\Config.h">
      <Filter>Entry\Configs</Filter>
    </ClInclude>
    <ClInclude Include="..\Win32Common\BaseWindow.h">
      <Filter>Common</Filter>
    </ClInclude>
    <ClInclude Include="..\Win32Common\EventDispatcher.h">
      <Filter>Common</Filter>
    </ClInclude>
    <ClInclude Include="..\Win32Common\RenderWindow.h">
      <Filter>Common</Filter>
    </ClInclude>
    <ClInclude Include="..\..\Runtime\Math\Rect.h">
      <Filter>Runtime\Math</Filter>
    </ClInclude>
  </ItemGroup>
</Project>